
Microsoft Visual Studio Solution File, Format Version 12.00
# Visual Studio 15
VisualStudioVersion = 15.0.27428.2043
MinimumVisualStudioVersion = 10.0.40219.1
Project("{FAE04EC0-301F-11D3-BF4B-00C04F79EFBC}") = "SocietyProApi.Data", "SocietyProApi.Data\SocietyProApi.Data.csproj", "{FE4B7C17-5355-42BA-9A51-CBC3A6BFAD26}"
EndProject
Project("{FAE04EC0-301F-11D3-BF4B-00C04F79EFBC}") = "SocietyProApi.Domain", "SocietyProApi.Domain\SocietyProApi.Domain.csproj", "{8C789715-8290-476E-9E98-F5C7F31F07B4}"
EndProject
Project("{FAE04EC0-301F-11D3-BF4B-00C04F79EFBC}") = "SocietyProApi.Ioc", "SocietyProApi.Ioc\SocietyProApi.Ioc.csproj", "{BCEF0B12-F9BD-42A9-96BE-CD1B61F6A2D7}"
EndProject
Project("{FAE04EC0-301F-11D3-BF4B-00C04F79EFBC}") = "SocietyProApi.Api", "SocietyProApi.Api\SocietyProApi.Api.csproj", "{9924FD96-2958-404E-AB9A-632EE936A5A3}"
EndProject
Global
	GlobalSection(SolutionConfigurationPlatforms) = preSolution
		Debug|Any CPU = Debug|Any CPU
		Release|Any CPU = Release|Any CPU
	EndGlobalSection
	GlobalSection(ProjectConfigurationPlatforms) = postSolution
		{FE4B7C17-5355-42BA-9A51-CBC3A6BFAD26}.Debug|Any CPU.ActiveCfg = Debug|Any CPU
		{FE4B7C17-5355-42BA-9A51-CBC3A6BFAD26}.Debug|Any CPU.Build.0 = Debug|Any CPU
		{FE4B7C17-5355-42BA-9A51-CBC3A6BFAD26}.Release|Any CPU.ActiveCfg = Release|Any CPU
		{FE4B7C17-5355-42BA-9A51-CBC3A6BFAD26}.Release|Any CPU.Build.0 = Release|Any CPU
		{8C789715-8290-476E-9E98-F5C7F31F07B4}.Debug|Any CPU.ActiveCfg = Debug|Any CPU
		{8C789715-8290-476E-9E98-F5C7F31F07B4}.Debug|Any CPU.Build.0 = Debug|Any CPU
		{8C789715-8290-476E-9E98-F5C7F31F07B4}.Release|Any CPU.ActiveCfg = Release|Any CPU
		{8C789715-8290-476E-9E98-F5C7F31F07B4}.Release|Any CPU.Build.0 = Release|Any CPU
		{BCEF0B12-F9BD-42A9-96BE-CD1B61F6A2D7}.Debug|Any CPU.ActiveCfg = Debug|Any CPU
		{BCEF0B12-F9BD-42A9-96BE-CD1B61F6A2D7}.Debug|Any CPU.Build.0 = Debug|Any CPU
		{BCEF0B12-F9BD-42A9-96BE-CD1B61F6A2D7}.Release|Any CPU.ActiveCfg = Release|Any CPU
		{BCEF0B12-F9BD-42A9-96BE-CD1B61F6A2D7}.Release|Any CPU.Build.0 = Release|Any CPU
		{9924FD96-2958-404E-AB9A-632EE936A5A3}.Debug|Any CPU.ActiveCfg = Debug|Any CPU
		{9924FD96-2958-404E-AB9A-632EE936A5A3}.Debug|Any CPU.Build.0 = Debug|Any CPU
		{9924FD96-2958-404E-AB9A-632EE936A5A3}.Release|Any CPU.ActiveCfg = Release|Any CPU
		{9924FD96-2958-404E-AB9A-632EE936A5A3}.Release|Any CPU.Build.0 = Release|Any CPU
	EndGlobalSection
	GlobalSection(SolutionProperties) = preSolution
		HideSolutionNode = FALSE
	EndGlobalSection
	GlobalSection(ExtensibilityGlobals) = postSolution
		SolutionGuid = {5A73C0CD-EEF8-4040-BDAE-AAA09D96B26D}
	EndGlobalSection
EndGlobal
